
Microsoft Visual Studio Solution File, Format Version 12.00
# Visual Studio 2012
Project("{8BC9CEB8-8B4A-11D0-8D11-00A0C91BC942}") = "LookIn20", "LookIn20\LookIn20.vcxproj", "{6A63A12F-BBE8-487A-8E3E-EA63C045A772}"
EndProject
Project("{8BC9CEB8-8B4A-11D0-8D11-00A0C91BC942}") = "Dubowik12", "Dubowik12\Dubowik12.vcxproj", "{1E2CB499-1581-4512-B3A1-15F745DD9BA5}"
EndProject
Project("{FAE04EC0-301F-11D3-BF4B-00C04F79EFBC}") = "Triangle.UnitTest", "Triangle.UnitTest\Triangle.UnitTest.csproj", "{B5941BFF-A318-4CB9-A888-4F6FACDDA627}"
EndProject
Project("{8BC9CEB8-8B4A-11D0-8D11-00A0C91BC942}") = "ProNina2", "ProNina2\ProNina2.vcxproj", "{33B15635-6A85-431D-A530-3F54EC3206C3}"
EndProject
Project("{8BC9CEB8-8B4A-11D0-8D11-00A0C91BC942}") = "Kolobylina1", "Kolobylina1\Kolobylina1.vcxproj", "{CF753FE3-353B-4678-9BFD-37026010CF8F}"
EndProject
Global
	GlobalSection(SolutionConfigurationPlatforms) = preSolution
		Debug|Any CPU = Debug|Any CPU
		Debug|ARM = Debug|ARM
		Debug|Mixed Platforms = Debug|Mixed Platforms
		Debug|Win32 = Debug|Win32
		Debug|x64 = Debug|x64
		Release|Any CPU = Release|Any CPU
		Release|ARM = Release|ARM
		Release|Mixed Platforms = Release|Mixed Platforms
		Release|Win32 = Release|Win32
		Release|x64 = Release|x64
	EndGlobalSection
	GlobalSection(ProjectConfigurationPlatforms) = postSolution
		{6A63A12F-BBE8-487A-8E3E-EA63C045A772}.Debug|Any CPU.ActiveCfg = Debug|Win32
		{6A63A12F-BBE8-487A-8E3E-EA63C045A772}.Debug|ARM.ActiveCfg = Debug|Win32
		{6A63A12F-BBE8-487A-8E3E-EA63C045A772}.Debug|Mixed Platforms.ActiveCfg = Debug|Win32
		{6A63A12F-BBE8-487A-8E3E-EA63C045A772}.Debug|Mixed Platforms.Build.0 = Debug|Win32
		{6A63A12F-BBE8-487A-8E3E-EA63C045A772}.Debug|Win32.ActiveCfg = Debug|Win32
		{6A63A12F-BBE8-487A-8E3E-EA63C045A772}.Debug|Win32.Build.0 = Debug|Win32
		{6A63A12F-BBE8-487A-8E3E-EA63C045A772}.Debug|x64.ActiveCfg = Debug|x64
		{6A63A12F-BBE8-487A-8E3E-EA63C045A772}.Debug|x64.Build.0 = Debug|x64
		{6A63A12F-BBE8-487A-8E3E-EA63C045A772}.Release|Any CPU.ActiveCfg = Release|Win32
		{6A63A12F-BBE8-487A-8E3E-EA63C045A772}.Release|ARM.ActiveCfg = Release|Win32
		{6A63A12F-BBE8-487A-8E3E-EA63C045A772}.Release|Mixed Platforms.ActiveCfg = Release|x64
		{6A63A12F-BBE8-487A-8E3E-EA63C045A772}.Release|Mixed Platforms.Build.0 = Release|x64
		{6A63A12F-BBE8-487A-8E3E-EA63C045A772}.Release|Win32.ActiveCfg = Release|x64
		{6A63A12F-BBE8-487A-8E3E-EA63C045A772}.Release|Win32.Build.0 = Release|x64
		{6A63A12F-BBE8-487A-8E3E-EA63C045A772}.Release|x64.ActiveCfg = Release|x64
		{6A63A12F-BBE8-487A-8E3E-EA63C045A772}.Release|x64.Build.0 = Release|x64
		{1E2CB499-1581-4512-B3A1-15F745DD9BA5}.Debug|Any CPU.ActiveCfg = Debug|Win32
		{1E2CB499-1581-4512-B3A1-15F745DD9BA5}.Debug|ARM.ActiveCfg = Debug|ARM
		{1E2CB499-1581-4512-B3A1-15F745DD9BA5}.Debug|ARM.Build.0 = Debug|ARM
		{1E2CB499-1581-4512-B3A1-15F745DD9BA5}.Debug|Mixed Platforms.ActiveCfg = Debug|Win32
		{1E2CB499-1581-4512-B3A1-15F745DD9BA5}.Debug|Mixed Platforms.Build.0 = Debug|Win32
		{1E2CB499-1581-4512-B3A1-15F745DD9BA5}.Debug|Win32.ActiveCfg = Debug|Win32
		{1E2CB499-1581-4512-B3A1-15F745DD9BA5}.Debug|Win32.Build.0 = Debug|Win32
		{1E2CB499-1581-4512-B3A1-15F745DD9BA5}.Debug|x64.ActiveCfg = Debug|x64
		{1E2CB499-1581-4512-B3A1-15F745DD9BA5}.Debug|x64.Build.0 = Debug|x64
		{1E2CB499-1581-4512-B3A1-15F745DD9BA5}.Release|Any CPU.ActiveCfg = Release|Win32
		{1E2CB499-1581-4512-B3A1-15F745DD9BA5}.Release|ARM.ActiveCfg = Release|ARM
		{1E2CB499-1581-4512-B3A1-15F745DD9BA5}.Release|ARM.Build.0 = Release|ARM
		{1E2CB499-1581-4512-B3A1-15F745DD9BA5}.Release|Mixed Platforms.ActiveCfg = Release|x64
		{1E2CB499-1581-4512-B3A1-15F745DD9BA5}.Release|Mixed Platforms.Build.0 = Release|x64
		{1E2CB499-1581-4512-B3A1-15F745DD9BA5}.Release|Win32.ActiveCfg = Release|x64
		{1E2CB499-1581-4512-B3A1-15F745DD9BA5}.Release|Win32.Build.0 = Release|x64
		{1E2CB499-1581-4512-B3A1-15F745DD9BA5}.Release|x64.ActiveCfg = Release|x64
		{1E2CB499-1581-4512-B3A1-15F745DD9BA5}.Release|x64.Build.0 = Release|x64
		{B5941BFF-A318-4CB9-A888-4F6FACDDA627}.Debug|Any CPU.ActiveCfg = Debug|Any CPU
		{B5941BFF-A318-4CB9-A888-4F6FACDDA627}.Debug|Any CPU.Build.0 = Debug|Any CPU
		{B5941BFF-A318-4CB9-A888-4F6FACDDA627}.Debug|ARM.ActiveCfg = Debug|Any CPU
		{B5941BFF-A318-4CB9-A888-4F6FACDDA627}.Debug|Mixed Platforms.ActiveCfg = Debug|Any CPU
		{B5941BFF-A318-4CB9-A888-4F6FACDDA627}.Debug|Mixed Platforms.Build.0 = Debug|Any CPU
		{B5941BFF-A318-4CB9-A888-4F6FACDDA627}.Debug|Win32.ActiveCfg = Debug|Any CPU
		{B5941BFF-A318-4CB9-A888-4F6FACDDA627}.Debug|x64.ActiveCfg = Debug|Any CPU
		{B5941BFF-A318-4CB9-A888-4F6FACDDA627}.Release|Any CPU.ActiveCfg = Release|Any CPU
		{B5941BFF-A318-4CB9-A888-4F6FACDDA627}.Release|Any CPU.Build.0 = Release|Any CPU
		{B5941BFF-A318-4CB9-A888-4F6FACDDA627}.Release|ARM.ActiveCfg = Release|Any CPU
		{B5941BFF-A318-4CB9-A888-4F6FACDDA627}.Release|Mixed Platforms.ActiveCfg = Release|Any CPU
		{B5941BFF-A318-4CB9-A888-4F6FACDDA627}.Release|Mixed Platforms.Build.0 = Release|Any CPU
		{B5941BFF-A318-4CB9-A888-4F6FACDDA627}.Release|Win32.ActiveCfg = Release|Any CPU
		{B5941BFF-A318-4CB9-A888-4F6FACDDA627}.Release|x64.ActiveCfg = Release|Any CPU
		{33B15635-6A85-431D-A530-3F54EC3206C3}.Debug|Any CPU.ActiveCfg = Debug|Win32
		{33B15635-6A85-431D-A530-3F54EC3206C3}.Debug|ARM.ActiveCfg = Debug|ARM
		{33B15635-6A85-431D-A530-3F54EC3206C3}.Debug|ARM.Build.0 = Debug|ARM
		{33B15635-6A85-431D-A530-3F54EC3206C3}.Debug|Mixed Platforms.ActiveCfg = Debug|Win32
		{33B15635-6A85-431D-A530-3F54EC3206C3}.Debug|Mixed Platforms.Build.0 = Debug|Win32
		{33B15635-6A85-431D-A530-3F54EC3206C3}.Debug|Win32.ActiveCfg = Debug|Win32
		{33B15635-6A85-431D-A530-3F54EC3206C3}.Debug|Win32.Build.0 = Debug|Win32
		{33B15635-6A85-431D-A530-3F54EC3206C3}.Debug|x64.ActiveCfg = Debug|x64
		{33B15635-6A85-431D-A530-3F54EC3206C3}.Debug|x64.Build.0 = Debug|x64
		{33B15635-6A85-431D-A530-3F54EC3206C3}.Release|Any CPU.ActiveCfg = Release|Win32
		{33B15635-6A85-431D-A530-3F54EC3206C3}.Release|ARM.ActiveCfg = Release|ARM
		{33B15635-6A85-431D-A530-3F54EC3206C3}.Release|ARM.Build.0 = Release|ARM
		{33B15635-6A85-431D-A530-3F54EC3206C3}.Release|Mixed Platforms.ActiveCfg = Release|x64
		{33B15635-6A85-431D-A530-3F54EC3206C3}.Release|Mixed Platforms.Build.0 = Release|x64
		{33B15635-6A85-431D-A530-3F54EC3206C3}.Release|Win32.ActiveCfg = Release|Win32
		{33B15635-6A85-431D-A530-3F54EC3206C3}.Release|Win32.Build.0 = Release|Win32
		{33B15635-6A85-431D-A530-3F54EC3206C3}.Release|x64.ActiveCfg = Release|x64
		{33B15635-6A85-431D-A530-3F54EC3206C3}.Release|x64.Build.0 = Release|x64
		{CF753FE3-353B-4678-9BFD-37026010CF8F}.Debug|Any CPU.ActiveCfg = Debug|Win32
		{CF753FE3-353B-4678-9BFD-37026010CF8F}.Debug|ARM.ActiveCfg = Debug|ARM
		{CF753FE3-353B-4678-9BFD-37026010CF8F}.Debug|ARM.Build.0 = Debug|ARM
		{CF753FE3-353B-4678-9BFD-37026010CF8F}.Debug|Mixed Platforms.ActiveCfg = Debug|Win32
		{CF753FE3-353B-4678-9BFD-37026010CF8F}.Debug|Mixed Platforms.Build.0 = Debug|Win32
		{CF753FE3-353B-4678-9BFD-37026010CF8F}.Debug|Win32.ActiveCfg = Debug|Win32
		{CF753FE3-353B-4678-9BFD-37026010CF8F}.Debug|Win32.Build.0 = Debug|Win32
		{CF753FE3-353B-4678-9BFD-37026010CF8F}.Debug|x64.ActiveCfg = Debug|x64
		{CF753FE3-353B-4678-9BFD-37026010CF8F}.Debug|x64.Build.0 = Debug|x64
		{CF753FE3-353B-4678-9BFD-37026010CF8F}.Release|Any CPU.ActiveCfg = Release|Win32
		{CF753FE3-353B-4678-9BFD-37026010CF8F}.Release|ARM.ActiveCfg = Release|ARM
		{CF753FE3-353B-4678-9BFD-37026010CF8F}.Release|ARM.Build.0 = Release|ARM
		{CF753FE3-353B-4678-9BFD-37026010CF8F}.Release|Mixed Platforms.ActiveCfg = Release|x64
		{CF753FE3-353B-4678-9BFD-37026010CF8F}.Release|Mixed Platforms.Build.0 = Release|x64
		{CF753FE3-353B-4678-9BFD-37026010CF8F}.Release|Win32.ActiveCfg = Release|Win32
		{CF753FE3-353B-4678-9BFD-37026010CF8F}.Release|Win32.Build.0 = Release|Win32
		{CF753FE3-353B-4678-9BFD-37026010CF8F}.Release|x64.ActiveCfg = Release|x64
		{CF753FE3-353B-4678-9BFD-37026010CF8F}.Release|x64.Build.0 = Release|x64
	EndGlobalSection
	GlobalSection(SolutionProperties) = preSolution
		HideSolutionNode = FALSE
	EndGlobalSection
EndGlobal
